// !$*UTF8*$!
{
	archiveVersion = 1;
	classes = {
	};
	objectVersion = 46;
	objects = {

/* Begin PBXBuildFile section */
		04724A0415D364DE00E769A7 /* main.cpp in Sources */ = {isa = PBXBuildFile; fileRef = 04724A0315D364DE00E769A7 /* main.cpp */; };
		04724A0615D364DE00E769A7 /* AKSim.1 in CopyFiles */ = {isa = PBXBuildFile; fileRef = 04724A0515D364DE00E769A7 /* AKSim.1 */; };
		04724A1015D3654E00E769A7 /* Processor.cpp in Sources */ = {isa = PBXBuildFile; fileRef = 04724A0C15D3654E00E769A7 /* Processor.cpp */; };
		04724A1115D3654E00E769A7 /* Scheduler.cpp in Sources */ = {isa = PBXBuildFile; fileRef = 04724A0E15D3654E00E769A7 /* Scheduler.cpp */; };
		04724A1615D3660400E769A7 /* Task.cpp in Sources */ = {isa = PBXBuildFile; fileRef = 04724A1215D3660400E769A7 /* Task.cpp */; };
		04724A1715D3660400E769A7 /* Thread.cpp in Sources */ = {isa = PBXBuildFile; fileRef = 04724A1415D3660400E769A7 /* Thread.cpp */; };
/* End PBXBuildFile section */

/* Begin PBXCopyFilesBuildPhase section */
		047249FD15D364DE00E769A7 /* CopyFiles */ = {
			isa = PBXCopyFilesBuildPhase;
			buildActionMask = 2147483647;
			dstPath = /usr/share/man/man1/;
			dstSubfolderSpec = 0;
			files = (
				04724A0615D364DE00E769A7 /* AKSim.1 in CopyFiles */,
			);
			runOnlyForDeploymentPostprocessing = 1;
		};
/* End PBXCopyFilesBuildPhase section */

/* Begin PBXFileReference section */
		047249FF15D364DE00E769A7 /* AKSim */ = {isa = PBXFileReference; explicitFileType = "compiled.mach-o.executable"; includeInIndex = 0; path = AKSim; sourceTree = BUILT_PRODUCTS_DIR; };
		04724A0315D364DE00E769A7 /* main.cpp */ = {isa = PBXFileReference; lastKnownFileType = sourcecode.cpp.cpp; path = main.cpp; sourceTree = "<group>"; };
		04724A0515D364DE00E769A7 /* AKSim.1 */ = {isa = PBXFileReference; lastKnownFileType = text.man; path = AKSim.1; sourceTree = "<group>"; };
		04724A0C15D3654E00E769A7 /* Processor.cpp */ = {isa = PBXFileReference; fileEncoding = 4; lastKnownFileType = sourcecode.cpp.cpp; path = Processor.cpp; sourceTree = "<group>"; };
		04724A0D15D3654E00E769A7 /* Processor.h */ = {isa = PBXFileReference; fileEncoding = 4; lastKnownFileType = sourcecode.c.h; path = Processor.h; sourceTree = "<group>"; };
		04724A0E15D3654E00E769A7 /* Scheduler.cpp */ = {isa = PBXFileReference; fileEncoding = 4; lastKnownFileType = sourcecode.cpp.cpp; path = Scheduler.cpp; sourceTree = "<group>"; };
		04724A0F15D3654E00E769A7 /* Scheduler.h */ = {isa = PBXFileReference; fileEncoding = 4; lastKnownFileType = sourcecode.c.h; path = Scheduler.h; sourceTree = "<group>"; };
		04724A1215D3660400E769A7 /* Task.cpp */ = {isa = PBXFileReference; fileEncoding = 4; lastKnownFileType = sourcecode.cpp.cpp; path = Task.cpp; sourceTree = "<group>"; };
		04724A1315D3660400E769A7 /* Task.h */ = {isa = PBXFileReference; fileEncoding = 4; lastKnownFileType = sourcecode.c.h; path = Task.h; sourceTree = "<group>"; };
		04724A1415D3660400E769A7 /* Thread.cpp */ = {isa = PBXFileReference; fileEncoding = 4; lastKnownFileType = sourcecode.cpp.cpp; path = Thread.cpp; sourceTree = "<group>"; };
		04724A1515D3660400E769A7 /* Thread.h */ = {isa = PBXFileReference; fileEncoding = 4; lastKnownFileType = sourcecode.c.h; path = Thread.h; sourceTree = "<group>"; };
		04C0A33F15D371940003D609 /* File */ = {isa = PBXFileReference; fileEncoding = 4; lastKnownFileType = text; path = File; sourceTree = "<group>"; };
/* End PBXFileReference section */

/* Begin PBXFrameworksBuildPhase section */
		047249FC15D364DE00E769A7 /* Frameworks */ = {
			isa = PBXFrameworksBuildPhase;
			buildActionMask = 2147483647;
			files = (
			);
			runOnlyForDeploymentPostprocessing = 0;
		};
/* End PBXFrameworksBuildPhase section */

/* Begin PBXGroup section */
		047249F415D364DE00E769A7 = {
			isa = PBXGroup;
			children = (
				04724A0215D364DE00E769A7 /* AKSim */,
				04724A0015D364DE00E769A7 /* Products */,
			);
			sourceTree = "<group>";
		};
		04724A0015D364DE00E769A7 /* Products */ = {
			isa = PBXGroup;
			children = (
				047249FF15D364DE00E769A7 /* AKSim */,
			);
			name = Products;
			sourceTree = "<group>";
		};
		04724A0215D364DE00E769A7 /* AKSim */ = {
			isa = PBXGroup;
			children = (
				04724A0315D364DE00E769A7 /* main.cpp */,
				04724A0C15D3654E00E769A7 /* Processor.cpp */,
				04724A0D15D3654E00E769A7 /* Processor.h */,
				04724A0E15D3654E00E769A7 /* Scheduler.cpp */,
				04724A0F15D3654E00E769A7 /* Scheduler.h */,
				04724A1215D3660400E769A7 /* Task.cpp */,
				04C0A33F15D371940003D609 /* File */,
				04724A1315D3660400E769A7 /* Task.h */,
				04724A1415D3660400E769A7 /* Thread.cpp */,
				04724A1515D3660400E769A7 /* Thread.h */,
				04724A0515D364DE00E769A7 /* AKSim.1 */,
			);
			path = AKSim;
			sourceTree = "<group>";
		};
/* End PBXGroup section */

/* Begin PBXNativeTarget section */
		047249FE15D364DE00E769A7 /* AKSim */ = {
			isa = PBXNativeTarget;
			buildConfigurationList = 04724A0915D364DE00E769A7 /* Build configuration list for PBXNativeTarget "AKSim" */;
			buildPhases = (
				047249FB15D364DE00E769A7 /* Sources */,
				047249FC15D364DE00E769A7 /* Frameworks */,
				047249FD15D364DE00E769A7 /* CopyFiles */,
			);
			buildRules = (
			);
			dependencies = (
			);
			name = AKSim;
			productName = AKSim;
			productReference = 047249FF15D364DE00E769A7 /* AKSim */;
			productType = "com.apple.product-type.tool";
		};
/* End PBXNativeTarget section */

/* Begin PBXProject section */
		047249F615D364DE00E769A7 /* Project object */ = {
			isa = PBXProject;
			attributes = {
				LastUpgradeCheck = 0440;
				ORGANIZATIONNAME = "Cícero Camargo";
			};
			buildConfigurationList = 047249F915D364DE00E769A7 /* Build configuration list for PBXProject "AKSim" */;
			compatibilityVersion = "Xcode 3.2";
			developmentRegion = English;
			hasScannedForEncodings = 0;
			knownRegions = (
				en,
			);
			mainGroup = 047249F415D364DE00E769A7;
			productRefGroup = 04724A0015D364DE00E769A7 /* Products */;
			projectDirPath = "";
			projectRoot = "";
			targets = (
				047249FE15D364DE00E769A7 /* AKSim */,
			);
		};
/* End PBXProject section */

/* Begin PBXSourcesBuildPhase section */
		047249FB15D364DE00E769A7 /* Sources */ = {
			isa = PBXSourcesBuildPhase;
			buildActionMask = 2147483647;
			files = (
				04724A0415D364DE00E769A7 /* main.cpp in Sources */,
				04724A1015D3654E00E769A7 /* Processor.cpp in Sources */,
				04724A1115D3654E00E769A7 /* Scheduler.cpp in Sources */,
				04724A1615D3660400E769A7 /* Task.cpp in Sources */,
				04724A1715D3660400E769A7 /* Thread.cpp in Sources */,
			);
			runOnlyForDeploymentPostprocessing = 0;
		};
/* End PBXSourcesBuildPhase section */

/* Begin XCBuildConfiguration section */
		04724A0715D364DE00E769A7 /* Debug */ = {
			isa = XCBuildConfiguration;
			buildSettings = {
				ALWAYS_SEARCH_USER_PATHS = NO;
				ARCHS = "$(ARCHS_STANDARD_64_BIT)";
				CLANG_CXX_LANGUAGE_STANDARD = "gnu++0x";
				CLANG_WARN__DUPLICATE_METHOD_MATCH = YES;
				COPY_PHASE_STRIP = NO;
				GCC_C_LANGUAGE_STANDARD = gnu99;
				GCC_DYNAMIC_NO_PIC = NO;
				GCC_ENABLE_OBJC_EXCEPTIONS = YES;
				GCC_OPTIMIZATION_LEVEL = 0;
				GCC_PREPROCESSOR_DEFINITIONS = (
					"DEBUG=1",
					"$(inherited)",
				);
				GCC_SYMBOLS_PRIVATE_EXTERN = NO;
				GCC_WARN_64_TO_32_BIT_CONVERSION = YES;
				GCC_WARN_ABOUT_RETURN_TYPE = YES;
				GCC_WARN_UNINITIALIZED_AUTOS = YES;
				GCC_WARN_UNUSED_VARIABLE = YES;
				MACOSX_DEPLOYMENT_TARGET = 10.8;
				ONLY_ACTIVE_ARCH = YES;
				SDKROOT = macosx;
			};
			name = Debug;
		};
		04724A0815D364DE00E769A7 /* Release */ = {
			isa = XCBuildConfiguration;
			buildSettings = {
				ALWAYS_SEARCH_USER_PATHS = NO;
				ARCHS = "$(ARCHS_STANDARD_64_BIT)";
				CLANG_CXX_LANGUAGE_STANDARD = "gnu++0x";
				CLANG_WARN__DUPLICATE_METHOD_MATCH = YES;
				COPY_PHASE_STRIP = YES;
				DEBUG_INFORMATION_FORMAT = "dwarf-with-dsym";
				GCC_C_LANGUAGE_STANDARD = gnu99;
				GCC_ENABLE_OBJC_EXCEPTIONS = YES;
				GCC_WARN_64_TO_32_BIT_CONVERSION = YES;
				GCC_WARN_ABOUT_RETURN_TYPE = YES;
				GCC_WARN_UNINITIALIZED_AUTOS = YES;
				GCC_WARN_UNUSED_VARIABLE = YES;
				MACOSX_DEPLOYMENT_TARGET = 10.8;
				SDKROOT = macosx;
			};
			name = Release;
		};
		04724A0A15D364DE00E769A7 /* Debug */ = {
			isa = XCBuildConfiguration;
			buildSettings = {
				PRODUCT_NAME = "$(TARGET_NAME)";
			};
			name = Debug;
		};
		04724A0B15D364DE00E769A7 /* Release */ = {
			isa = XCBuildConfiguration;
			buildSettings = {
				PRODUCT_NAME = "$(TARGET_NAME)";
			};
			name = Release;
		};
/* End XCBuildConfiguration section */

/* Begin XCConfigurationList section */
		047249F915D364DE00E769A7 /* Build configuration list for PBXProject "AKSim" */ = {
			isa = XCConfigurationList;
			buildConfigurations = (
				04724A0715D364DE00E769A7 /* Debug */,
				04724A0815D364DE00E769A7 /* Release */,
			);
			defaultConfigurationIsVisible = 0;
			defaultConfigurationName = Release;
		};
		04724A0915D364DE00E769A7 /* Build configuration list for PBXNativeTarget "AKSim" */ = {
			isa = XCConfigurationList;
			buildConfigurations = (
				04724A0A15D364DE00E769A7 /* Debug */,
				04724A0B15D364DE00E769A7 /* Release */,
			);
			defaultConfigurationIsVisible = 0;
			defaultConfigurationName = Release;
		};
/* End XCConfigurationList section */
	};
	rootObject = 047249F615D364DE00E769A7 /* Project object */;
}
